
Microsoft Visual Studio Solution File, Format Version 12.00
# Visual Studio 14
VisualStudioVersion = 14.0.24720.0
MinimumVisualStudioVersion = 10.0.40219.1
Project("{FAE04EC0-301F-11D3-BF4B-00C04F79EFBC}") = "Tehtava1", "Tehtava1\Tehtava1.csproj", "{BBFDB3F8-2232-4C51-A154-1DFFF2E75FE7}"
EndProject
Project("{FAE04EC0-301F-11D3-BF4B-00C04F79EFBC}") = "Ikkuna-Class", "..\IIO11300Harjoitukset\Ikkuna-Class\Ikkuna-Class.csproj", "{1B007CE1-C6E3-411D-B04E-321AD074F37C}"
EndProject
Project("{FAE04EC0-301F-11D3-BF4B-00C04F79EFBC}") = "Tehtava2", "Tehtava2\Tehtava2.csproj", "{E40E3B06-B1EF-4DAF-8CA9-9E1D6C2284B8}"
EndProject
Project("{FAE04EC0-301F-11D3-BF4B-00C04F79EFBC}") = "H3MittausData", "..\IIO11300Harjoitukset\H3MittausData\H3MittausData.csproj", "{8E18F019-4FFD-4202-9C73-0EA0DAE3521B}"
EndProject
Project("{FAE04EC0-301F-11D3-BF4B-00C04F79EFBC}") = "Tehtava3", "Tehtava3\Tehtava3.csproj", "{B28D433A-EBD3-44B6-80C6-0371DEF907CA}"
EndProject
Project("{FAE04EC0-301F-11D3-BF4B-00C04F79EFBC}") = "AVerySimpleTextFileDemo", "..\IIO11300Harjoitukset\AVerySimpleTextFileDemo\AVerySimpleTextFileDemo.csproj", "{BD0B69C6-BA23-4CA5-BA5E-7F10FC24968F}"
EndProject
Project("{FAE04EC0-301F-11D3-BF4B-00C04F79EFBC}") = "Tehtava4", "Tehtava4\Tehtava4.csproj", "{36908805-3250-4A30-BEF0-972048EA6352}"
EndProject
Project("{FAE04EC0-301F-11D3-BF4B-00C04F79EFBC}") = "H1MediaPlayer", "..\IIO11300Harjoitukset\H1MediaPlayer\H1MediaPlayer.csproj", "{A85D5805-05B3-4A9D-AF7E-7E737651FAD9}"
EndProject
Project("{FAE04EC0-301F-11D3-BF4B-00C04F79EFBC}") = "H4TyontekijatConsole", "..\IIO11300Harjoitukset\H4TyontekijatConsole\H4TyontekijatConsole.csproj", "{259E935C-DE3E-4CF9-BA3A-475CF37334F9}"
EndProject
Project("{FAE04EC0-301F-11D3-BF4B-00C04F79EFBC}") = "H4TyontekijatWPF", "..\IIO11300Harjoitukset\H4TyontekijatWPF\H4TyontekijatWPF.csproj", "{177AE875-DF60-4D17-A468-8521300520CC}"
EndProject
Project("{FAE04EC0-301F-11D3-BF4B-00C04F79EFBC}") = "Tehtava5", "Tehtava5\Tehtava5.csproj", "{410584C6-3635-4528-A084-53F88D3A5CE9}"
EndProject
Project("{FAE04EC0-301F-11D3-BF4B-00C04F79EFBC}") = "H5Movies", "..\IIO11300Harjoitukset\H5Movies\H5Movies.csproj", "{1FED9D47-996D-469A-B3DE-9FB2B65F0CCB}"
EndProject
Project("{FAE04EC0-301F-11D3-BF4B-00C04F79EFBC}") = "Tehtava6", "Tehtava6\Tehtava6.csproj", "{AB9D868B-D131-40D4-8E1D-9F20240E960E}"
EndProject
Project("{FAE04EC0-301F-11D3-BF4B-00C04F79EFBC}") = "H6DataBinding", "..\IIO11300Harjoitukset\H6DataBinding\H6DataBinding.csproj", "{9B9CB1D7-D90D-4BC2-BD6C-1124CC489B5B}"
EndProject
Global
	GlobalSection(SolutionConfigurationPlatforms) = preSolution
		Debug|Any CPU = Debug|Any CPU
		Release|Any CPU = Release|Any CPU
	EndGlobalSection
	GlobalSection(ProjectConfigurationPlatforms) = postSolution
		{BBFDB3F8-2232-4C51-A154-1DFFF2E75FE7}.Debug|Any CPU.ActiveCfg = Debug|Any CPU
		{BBFDB3F8-2232-4C51-A154-1DFFF2E75FE7}.Debug|Any CPU.Build.0 = Debug|Any CPU
		{BBFDB3F8-2232-4C51-A154-1DFFF2E75FE7}.Release|Any CPU.ActiveCfg = Release|Any CPU
		{BBFDB3F8-2232-4C51-A154-1DFFF2E75FE7}.Release|Any CPU.Build.0 = Release|Any CPU
		{1B007CE1-C6E3-411D-B04E-321AD074F37C}.Debug|Any CPU.ActiveCfg = Debug|Any CPU
		{1B007CE1-C6E3-411D-B04E-321AD074F37C}.Debug|Any CPU.Build.0 = Debug|Any CPU
		{1B007CE1-C6E3-411D-B04E-321AD074F37C}.Release|Any CPU.ActiveCfg = Release|Any CPU
		{1B007CE1-C6E3-411D-B04E-321AD074F37C}.Release|Any CPU.Build.0 = Release|Any CPU
		{E40E3B06-B1EF-4DAF-8CA9-9E1D6C2284B8}.Debug|Any CPU.ActiveCfg = Debug|Any CPU
		{E40E3B06-B1EF-4DAF-8CA9-9E1D6C2284B8}.Debug|Any CPU.Build.0 = Debug|Any CPU
		{E40E3B06-B1EF-4DAF-8CA9-9E1D6C2284B8}.Release|Any CPU.ActiveCfg = Release|Any CPU
		{E40E3B06-B1EF-4DAF-8CA9-9E1D6C2284B8}.Release|Any CPU.Build.0 = Release|Any CPU
		{8E18F019-4FFD-4202-9C73-0EA0DAE3521B}.Debug|Any CPU.ActiveCfg = Debug|Any CPU
		{8E18F019-4FFD-4202-9C73-0EA0DAE3521B}.Debug|Any CPU.Build.0 = Debug|Any CPU
		{8E18F019-4FFD-4202-9C73-0EA0DAE3521B}.Release|Any CPU.ActiveCfg = Release|Any CPU
		{8E18F019-4FFD-4202-9C73-0EA0DAE3521B}.Release|Any CPU.Build.0 = Release|Any CPU
		{B28D433A-EBD3-44B6-80C6-0371DEF907CA}.Debug|Any CPU.ActiveCfg = Debug|Any CPU
		{B28D433A-EBD3-44B6-80C6-0371DEF907CA}.Debug|Any CPU.Build.0 = Debug|Any CPU
		{B28D433A-EBD3-44B6-80C6-0371DEF907CA}.Release|Any CPU.ActiveCfg = Release|Any CPU
		{B28D433A-EBD3-44B6-80C6-0371DEF907CA}.Release|Any CPU.Build.0 = Release|Any CPU
		{BD0B69C6-BA23-4CA5-BA5E-7F10FC24968F}.Debug|Any CPU.ActiveCfg = Debug|Any CPU
		{BD0B69C6-BA23-4CA5-BA5E-7F10FC24968F}.Debug|Any CPU.Build.0 = Debug|Any CPU
		{BD0B69C6-BA23-4CA5-BA5E-7F10FC24968F}.Release|Any CPU.ActiveCfg = Release|Any CPU
		{BD0B69C6-BA23-4CA5-BA5E-7F10FC24968F}.Release|Any CPU.Build.0 = Release|Any CPU
		{36908805-3250-4A30-BEF0-972048EA6352}.Debug|Any CPU.ActiveCfg = Debug|Any CPU
		{36908805-3250-4A30-BEF0-972048EA6352}.Debug|Any CPU.Build.0 = Debug|Any CPU
		{36908805-3250-4A30-BEF0-972048EA6352}.Release|Any CPU.ActiveCfg = Release|Any CPU
		{36908805-3250-4A30-BEF0-972048EA6352}.Release|Any CPU.Build.0 = Release|Any CPU
		{A85D5805-05B3-4A9D-AF7E-7E737651FAD9}.Debug|Any CPU.ActiveCfg = Debug|Any CPU
		{A85D5805-05B3-4A9D-AF7E-7E737651FAD9}.Debug|Any CPU.Build.0 = Debug|Any CPU
		{A85D5805-05B3-4A9D-AF7E-7E737651FAD9}.Release|Any CPU.ActiveCfg = Release|Any CPU
		{A85D5805-05B3-4A9D-AF7E-7E737651FAD9}.Release|Any CPU.Build.0 = Release|Any CPU
		{259E935C-DE3E-4CF9-BA3A-475CF37334F9}.Debug|Any CPU.ActiveCfg = Debug|Any CPU
		{259E935C-DE3E-4CF9-BA3A-475CF37334F9}.Debug|Any CPU.Build.0 = Debug|Any CPU
		{259E935C-DE3E-4CF9-BA3A-475CF37334F9}.Release|Any CPU.ActiveCfg = Release|Any CPU
		{259E935C-DE3E-4CF9-BA3A-475CF37334F9}.Release|Any CPU.Build.0 = Release|Any CPU
		{177AE875-DF60-4D17-A468-8521300520CC}.Debug|Any CPU.ActiveCfg = Debug|Any CPU
		{177AE875-DF60-4D17-A468-8521300520CC}.Debug|Any CPU.Build.0 = Debug|Any CPU
		{177AE875-DF60-4D17-A468-8521300520CC}.Release|Any CPU.ActiveCfg = Release|Any CPU
		{177AE875-DF60-4D17-A468-8521300520CC}.Release|Any CPU.Build.0 = Release|Any CPU
		{410584C6-3635-4528-A084-53F88D3A5CE9}.Debug|Any CPU.ActiveCfg = Debug|Any CPU
		{410584C6-3635-4528-A084-53F88D3A5CE9}.Debug|Any CPU.Build.0 = Debug|Any CPU
		{410584C6-3635-4528-A084-53F88D3A5CE9}.Release|Any CPU.ActiveCfg = Release|Any CPU
		{410584C6-3635-4528-A084-53F88D3A5CE9}.Release|Any CPU.Build.0 = Release|Any CPU
		{1FED9D47-996D-469A-B3DE-9FB2B65F0CCB}.Debug|Any CPU.ActiveCfg = Debug|Any CPU
		{1FED9D47-996D-469A-B3DE-9FB2B65F0CCB}.Debug|Any CPU.Build.0 = Debug|Any CPU
		{1FED9D47-996D-469A-B3DE-9FB2B65F0CCB}.Release|Any CPU.ActiveCfg = Release|Any CPU
		{1FED9D47-996D-469A-B3DE-9FB2B65F0CCB}.Release|Any CPU.Build.0 = Release|Any CPU
		{AB9D868B-D131-40D4-8E1D-9F20240E960E}.Debug|Any CPU.ActiveCfg = Debug|Any CPU
		{AB9D868B-D131-40D4-8E1D-9F20240E960E}.Debug|Any CPU.Build.0 = Debug|Any CPU
		{AB9D868B-D131-40D4-8E1D-9F20240E960E}.Release|Any CPU.ActiveCfg = Release|Any CPU
		{AB9D868B-D131-40D4-8E1D-9F20240E960E}.Release|Any CPU.Build.0 = Release|Any CPU
		{9B9CB1D7-D90D-4BC2-BD6C-1124CC489B5B}.Debug|Any CPU.ActiveCfg = Debug|Any CPU
		{9B9CB1D7-D90D-4BC2-BD6C-1124CC489B5B}.Debug|Any CPU.Build.0 = Debug|Any CPU
		{9B9CB1D7-D90D-4BC2-BD6C-1124CC489B5B}.Release|Any CPU.ActiveCfg = Release|Any CPU
		{9B9CB1D7-D90D-4BC2-BD6C-1124CC489B5B}.Release|Any CPU.Build.0 = Release|Any CPU
	EndGlobalSection
	GlobalSection(SolutionProperties) = preSolution
		HideSolutionNode = FALSE
	EndGlobalSection
EndGlobal
